{
  "name": "decorart",
  "lockfileVersion": 2,
  "requires": true,
  "packages": {
    "": {
      "dependencies": {
        "@fancyapps/ui": "^4.0.26"
      }
    },
    "node_modules/@fancyapps/ui": {
      "version": "4.0.26",
      "resolved": "https://registry.npmjs.org/@fancyapps/ui/-/ui-4.0.26.tgz",
      "integrity": "sha512-BcqK/lOMQ0IbR7DUcNK6olUCaOWlEqW7Oi3qdltur87zs6doFnno5fyKv9cDMRnuH4IxudU7Cz1zRzSUfsDWJA=="
    }
  },
  "dependencies": {
    "@fancyapps/ui": {
      "version": "4.0.26",
      "resolved": "https://registry.npmjs.org/@fancyapps/ui/-/ui-4.0.26.tgz",
      "integrity": "sha512-BcqK/lOMQ0IbR7DUcNK6olUCaOWlEqW7Oi3qdltur87zs6doFnno5fyKv9cDMRnuH4IxudU7Cz1zRzSUfsDWJA=="
    }
  }
}
